
Microsoft Visual Studio Solution File, Format Version 12.00
# Visual Studio Version 16
VisualStudioVersion = 16.0.29519.181
MinimumVisualStudioVersion = 10.0.40219.1
Project("{FAE04EC0-301F-11D3-BF4B-00C04F79EFBC}") = "mv-edu-wallet1", "mv-edu-wallet1.csproj", "{AAE83115-5D54-4C18-8FC7-AB4FAC844AC9}"
EndProject
Global
	GlobalSection(SolutionConfigurationPlatforms) = preSolution
		Debug|Any CPU = Debug|Any CPU
		Release|Any CPU = Release|Any CPU
	EndGlobalSection
	GlobalSection(ProjectConfigurationPlatforms) = postSolution
		{AAE83115-5D54-4C18-8FC7-AB4FAC844AC9}.Debug|Any CPU.ActiveCfg = Debug|Any CPU
		{AAE83115-5D54-4C18-8FC7-AB4FAC844AC9}.Debug|Any CPU.Build.0 = Debug|Any CPU
		{AAE83115-5D54-4C18-8FC7-AB4FAC844AC9}.Release|Any CPU.ActiveCfg = Release|Any CPU
		{AAE83115-5D54-4C18-8FC7-AB4FAC844AC9}.Release|Any CPU.Build.0 = Release|Any CPU
	EndGlobalSection
	GlobalSection(SolutionProperties) = preSolution
		HideSolutionNode = FALSE
	EndGlobalSection
	GlobalSection(ExtensibilityGlobals) = postSolution
		SolutionGuid = {8068EF37-AADF-4D4D-A0FD-9F3D94C44478}
	EndGlobalSection
EndGlobal
